// !$*UTF8*$!
{
	archiveVersion = 1;
	classes = {
	};
	objectVersion = 77;
	objects = {

/* Begin PBXBuildFile section */
		34C525752D9557F600C3ED2D /* CustomBlurEffectView in Frameworks */ = {isa = PBXBuildFile; productRef = 34C525742D9557F600C3ED2D /* CustomBlurEffectView */; };
		34C525782D9557FD00C3ED2D /* StorageManager in Frameworks */ = {isa = PBXBuildFile; productRef = 34C525772D9557FD00C3ED2D /* StorageManager */; };
		34C5257B2D95581C00C3ED2D /* PremiumManager in Frameworks */ = {isa = PBXBuildFile; productRef = 34C5257A2D95581C00C3ED2D /* PremiumManager */; };
		34C5257E2D95582400C3ED2D /* ShadowImageButton in Frameworks */ = {isa = PBXBuildFile; productRef = 34C5257D2D95582400C3ED2D /* ShadowImageButton */; };
		34C525812D95584400C3ED2D /* FirebaseCrashlytics in Frameworks */ = {isa = PBXBuildFile; productRef = 34C525802D95584400C3ED2D /* FirebaseCrashlytics */; };
		34CBBC962D9558B900587F3E /* Utilities in Frameworks */ = {isa = PBXBuildFile; productRef = 34CBBC952D9558B900587F3E /* Utilities */; };
		34CBBC992D9558C200587F3E /* SnapKit in Frameworks */ = {isa = PBXBuildFile; productRef = 34CBBC982D9558C200587F3E /* SnapKit */; };
		34CBBC9C2D9558E200587F3E /* Lottie in Frameworks */ = {isa = PBXBuildFile; productRef = 34CBBC9B2D9558E200587F3E /* Lottie */; };
		34CBBC9F2D95591A00587F3E /* CustomNavigationView in Frameworks */ = {isa = PBXBuildFile; productRef = 34CBBC9E2D95591A00587F3E /* CustomNavigationView */; };
/* End PBXBuildFile section */

/* Begin PBXFileReference section */
		34C4992A2D901144002253DB /* AirPodsFInder.app */ = {isa = PBXFileReference; explicitFileType = wrapper.application; includeInIndex = 0; path = AirPodsFInder.app; sourceTree = BUILT_PRODUCTS_DIR; };
/* End PBXFileReference section */

/* Begin PBXFileSystemSynchronizedBuildFileExceptionSet section */
		34C4993C2D901145002253DB /* Exceptions for "AirPodsFInder" folder in "AirPodsFInder" target */ = {
			isa = PBXFileSystemSynchronizedBuildFileExceptionSet;
			membershipExceptions = (
				Info.plist,
			);
			target = 34C499292D901144002253DB /* AirPodsFInder */;
		};
/* End PBXFileSystemSynchronizedBuildFileExceptionSet section */

/* Begin PBXFileSystemSynchronizedRootGroup section */
		34C4992C2D901144002253DB /* AirPodsFInder */ = {
			isa = PBXFileSystemSynchronizedRootGroup;
			exceptions = (
				34C4993C2D901145002253DB /* Exceptions for "AirPodsFInder" folder in "AirPodsFInder" target */,
			);
			path = AirPodsFInder;
			sourceTree = "<group>";
		};
/* End PBXFileSystemSynchronizedRootGroup section */

/* Begin PBXFrameworksBuildPhase section */
		34C499272D901144002253DB /* Frameworks */ = {
			isa = PBXFrameworksBuildPhase;
			buildActionMask = 2147483647;
			files = (
				34C5257B2D95581C00C3ED2D /* PremiumManager in Frameworks */,
				34CBBC9F2D95591A00587F3E /* CustomNavigationView in Frameworks */,
				34CBBC962D9558B900587F3E /* Utilities in Frameworks */,
				34C525782D9557FD00C3ED2D /* StorageManager in Frameworks */,
				34CBBC992D9558C200587F3E /* SnapKit in Frameworks */,
				34C525752D9557F600C3ED2D /* CustomBlurEffectView in Frameworks */,
				34C525812D95584400C3ED2D /* FirebaseCrashlytics in Frameworks */,
				34C5257E2D95582400C3ED2D /* ShadowImageButton in Frameworks */,
				34CBBC9C2D9558E200587F3E /* Lottie in Frameworks */,
			);
			runOnlyForDeploymentPostprocessing = 0;
		};
/* End PBXFrameworksBuildPhase section */

/* Begin PBXGroup section */
		34C499212D901144002253DB = {
			isa = PBXGroup;
			children = (
				34C4992C2D901144002253DB /* AirPodsFInder */,
				34C4992B2D901144002253DB /* Products */,
			);
			sourceTree = "<group>";
		};
		34C4992B2D901144002253DB /* Products */ = {
			isa = PBXGroup;
			children = (
				34C4992A2D901144002253DB /* AirPodsFInder.app */,
			);
			name = Products;
			sourceTree = "<group>";
		};
/* End PBXGroup section */

/* Begin PBXNativeTarget section */
		34C499292D901144002253DB /* AirPodsFInder */ = {
			isa = PBXNativeTarget;
			buildConfigurationList = 34C4993D2D901145002253DB /* Build configuration list for PBXNativeTarget "AirPodsFInder" */;
			buildPhases = (
				34C499262D901144002253DB /* Sources */,
				34C499272D901144002253DB /* Frameworks */,
				34C499282D901144002253DB /* Resources */,
				34CBC0742D959F6400587F3E /* ShellScript */,
			);
			buildRules = (
			);
			dependencies = (
			);
			fileSystemSynchronizedGroups = (
				34C4992C2D901144002253DB /* AirPodsFInder */,
			);
			name = AirPodsFInder;
			packageProductDependencies = (
				34C525742D9557F600C3ED2D /* CustomBlurEffectView */,
				34C525772D9557FD00C3ED2D /* StorageManager */,
				34C5257A2D95581C00C3ED2D /* PremiumManager */,
				34C5257D2D95582400C3ED2D /* ShadowImageButton */,
				34C525802D95584400C3ED2D /* FirebaseCrashlytics */,
				34CBBC952D9558B900587F3E /* Utilities */,
				34CBBC982D9558C200587F3E /* SnapKit */,
				34CBBC9B2D9558E200587F3E /* Lottie */,
				34CBBC9E2D95591A00587F3E /* CustomNavigationView */,
			);
			productName = AirPodsFInder;
			productReference = 34C4992A2D901144002253DB /* AirPodsFInder.app */;
			productType = "com.apple.product-type.application";
		};
/* End PBXNativeTarget section */

/* Begin PBXProject section */
		34C499222D901144002253DB /* Project object */ = {
			isa = PBXProject;
			attributes = {
				BuildIndependentTargetsInParallel = 1;
				LastSwiftUpdateCheck = 1600;
				LastUpgradeCheck = 1600;
				TargetAttributes = {
					34C499292D901144002253DB = {
						CreatedOnToolsVersion = 16.0;
					};
				};
			};
			buildConfigurationList = 34C499252D901144002253DB /* Build configuration list for PBXProject "AirPodsFInder" */;
			developmentRegion = en;
			hasScannedForEncodings = 0;
			knownRegions = (
				en,
				Base,
				fr,
				"fr-CA",
				it,
				de,
				"pt-BR",
				"pt-PT",
				es,
				"es-419",
				"es-US",
			);
			mainGroup = 34C499212D901144002253DB;
			minimizedProjectReferenceProxies = 1;
			packageReferences = (
				34C525732D9557F600C3ED2D /* XCRemoteSwiftPackageReference "CustomBlurEffectView" */,
				34C525762D9557FD00C3ED2D /* XCRemoteSwiftPackageReference "StorageManager" */,
				34C525792D95581C00C3ED2D /* XCRemoteSwiftPackageReference "PremiumManager" */,
				34C5257C2D95582400C3ED2D /* XCRemoteSwiftPackageReference "ShadowImageButton" */,
				34C5257F2D95584400C3ED2D /* XCRemoteSwiftPackageReference "firebase-ios-sdk" */,
				34CBBC942D9558B900587F3E /* XCRemoteSwiftPackageReference "Utilities" */,
				34CBBC972D9558C200587F3E /* XCRemoteSwiftPackageReference "SnapKit" */,
				34CBBC9A2D9558E200587F3E /* XCRemoteSwiftPackageReference "lottie-spm" */,
				34CBBC9D2D95591A00587F3E /* XCRemoteSwiftPackageReference "CustomNavigationView" */,
			);
			preferredProjectObjectVersion = 77;
			productRefGroup = 34C4992B2D901144002253DB /* Products */;
			projectDirPath = "";
			projectRoot = "";
			targets = (
				34C499292D901144002253DB /* AirPodsFInder */,
			);
		};
/* End PBXProject section */

/* Begin PBXResourcesBuildPhase section */
		34C499282D901144002253DB /* Resources */ = {
			isa = PBXResourcesBuildPhase;
			buildActionMask = 2147483647;
			files = (
			);
			runOnlyForDeploymentPostprocessing = 0;
		};
/* End PBXResourcesBuildPhase section */

/* Begin PBXShellScriptBuildPhase section */
		34CBC0742D959F6400587F3E /* ShellScript */ = {
			isa = PBXShellScriptBuildPhase;
			buildActionMask = 2147483647;
			files = (
			);
			inputFileListPaths = (
			);
			inputPaths = (
				"${DWARF_DSYM_FOLDER_PATH}/${DWARF_DSYM_FILE_NAME}",
				"${DWARF_DSYM_FOLDER_PATH}/${DWARF_DSYM_FILE_NAME}/Contents/Resources/DWARF/${PRODUCT_NAME}",
				"${DWARF_DSYM_FOLDER_PATH}/${DWARF_DSYM_FILE_NAME}/Contents/Info.plist",
				"$(TARGET_BUILD_DIR)/$(UNLOCALIZED_RESOURCES_FOLDER_PATH)/GoogleService-Info.plist",
				"$(TARGET_BUILD_DIR)/$(EXECUTABLE_PATH)",
			);
			outputFileListPaths = (
			);
			outputPaths = (
			);
			runOnlyForDeploymentPostprocessing = 0;
			shellPath = /bin/sh;
			shellScript = "\"${BUILD_DIR%/Build/*}/SourcePackages/checkouts/firebase-ios-sdk/Crashlytics/run\"\n";
		};
/* End PBXShellScriptBuildPhase section */

/* Begin PBXSourcesBuildPhase section */
		34C499262D901144002253DB /* Sources */ = {
			isa = PBXSourcesBuildPhase;
			buildActionMask = 2147483647;
			files = (
			);
			runOnlyForDeploymentPostprocessing = 0;
		};
/* End PBXSourcesBuildPhase section */

/* Begin XCBuildConfiguration section */
		34C4993E2D901145002253DB /* Debug */ = {
			isa = XCBuildConfiguration;
			buildSettings = {
				ASSETCATALOG_COMPILER_ALTERNATE_APPICON_NAMES = "AppIcon-1";
				ASSETCATALOG_COMPILER_APPICON_NAME = AppIcon;
				ASSETCATALOG_COMPILER_GLOBAL_ACCENT_COLOR_NAME = AccentColor;
				CODE_SIGN_ENTITLEMENTS = AirPodsFInder/AirPodsFInder.entitlements;
				CODE_SIGN_IDENTITY = "Apple Development";
				CODE_SIGN_STYLE = Manual;
				CURRENT_PROJECT_VERSION = 1;
				DEBUG_INFORMATION_FORMAT = "dwarf-with-dsym";
				DEVELOPMENT_TEAM = "";
				GENERATE_INFOPLIST_FILE = YES;
				INFOPLIST_FILE = AirPodsFInder/Info.plist;
				INFOPLIST_KEY_CFBundleDisplayName = FindMate;
				INFOPLIST_KEY_NSBluetoothAlwaysUsageDescription = "The app requires Bluetooth access to search for devices";
				INFOPLIST_KEY_NSBluetoothPeripheralUsageDescription = "The app requires Bluetooth access to connect to devices";
				INFOPLIST_KEY_UIApplicationSupportsIndirectInputEvents = YES;
				INFOPLIST_KEY_UILaunchStoryboardName = LaunchScreen;
				INFOPLIST_KEY_UISupportedInterfaceOrientations = UIInterfaceOrientationPortrait;
				INFOPLIST_KEY_UIUserInterfaceStyle = Light;
				IPHONEOS_DEPLOYMENT_TARGET = 16.0;
				LD_RUNPATH_SEARCH_PATHS = (
					"$(inherited)",
					"@executable_path/Frameworks",
				);
				MARKETING_VERSION = 1.0.6;
				PRODUCT_BUNDLE_IDENTIFIER = air.pods.headphones;
				PRODUCT_NAME = "$(TARGET_NAME)";
				PROVISIONING_PROFILE_SPECIFIER = "";
				SUPPORTED_PLATFORMS = "iphoneos iphonesimulator";
				SUPPORTS_MACCATALYST = NO;
				SUPPORTS_MAC_DESIGNED_FOR_IPHONE_IPAD = NO;
				SUPPORTS_XR_DESIGNED_FOR_IPHONE_IPAD = NO;
				SWIFT_EMIT_LOC_STRINGS = YES;
				SWIFT_VERSION = 5.0;
				TARGETED_DEVICE_FAMILY = 1;
			};
			name = Debug;
		};
		34C4993F2D901145002253DB /* Release */ = {
			isa = XCBuildConfiguration;
			buildSettings = {
				ASSETCATALOG_COMPILER_ALTERNATE_APPICON_NAMES = "AppIcon-1";
				ASSETCATALOG_COMPILER_APPICON_NAME = AppIcon;
				ASSETCATALOG_COMPILER_GLOBAL_ACCENT_COLOR_NAME = AccentColor;
				CODE_SIGN_ENTITLEMENTS = AirPodsFInder/AirPodsFInder.entitlements;
				CODE_SIGN_IDENTITY = "Apple Development";
				CODE_SIGN_STYLE = Manual;
				CURRENT_PROJECT_VERSION = 1;
				DEVELOPMENT_TEAM = "";
				GENERATE_INFOPLIST_FILE = YES;
				INFOPLIST_FILE = AirPodsFInder/Info.plist;
				INFOPLIST_KEY_CFBundleDisplayName = FindMate;
				INFOPLIST_KEY_NSBluetoothAlwaysUsageDescription = "The app requires Bluetooth access to search for devices";
				INFOPLIST_KEY_NSBluetoothPeripheralUsageDescription = "The app requires Bluetooth access to connect to devices";
				INFOPLIST_KEY_UIApplicationSupportsIndirectInputEvents = YES;
				INFOPLIST_KEY_UILaunchStoryboardName = LaunchScreen;
				INFOPLIST_KEY_UISupportedInterfaceOrientations = UIInterfaceOrientationPortrait;
				INFOPLIST_KEY_UIUserInterfaceStyle = Light;
				IPHONEOS_DEPLOYMENT_TARGET = 16.0;
				LD_RUNPATH_SEARCH_PATHS = (
					"$(inherited)",
					"@executable_path/Frameworks",
				);
				MARKETING_VERSION = 1.0.6;
				PRODUCT_BUNDLE_IDENTIFIER = air.pods.headphones;
				PRODUCT_NAME = "$(TARGET_NAME)";
				PROVISIONING_PROFILE_SPECIFIER = "";
				SUPPORTED_PLATFORMS = "iphoneos iphonesimulator";
				SUPPORTS_MACCATALYST = NO;
				SUPPORTS_MAC_DESIGNED_FOR_IPHONE_IPAD = NO;
				SUPPORTS_XR_DESIGNED_FOR_IPHONE_IPAD = NO;
				SWIFT_EMIT_LOC_STRINGS = YES;
				SWIFT_VERSION = 5.0;
				TARGETED_DEVICE_FAMILY = 1;
			};
			name = Release;
		};
		34C499402D901145002253DB /* Debug */ = {
			isa = XCBuildConfiguration;
			buildSettings = {
				ALWAYS_SEARCH_USER_PATHS = NO;
				ASSETCATALOG_COMPILER_GENERATE_SWIFT_ASSET_SYMBOL_EXTENSIONS = YES;
				CLANG_ANALYZER_LOCALIZABILITY_NONLOCALIZED = YES;
				CLANG_ANALYZER_NONNULL = YES;
				CLANG_ANALYZER_NUMBER_OBJECT_CONVERSION = YES_AGGRESSIVE;
				CLANG_CXX_LANGUAGE_STANDARD = "gnu++20";
				CLANG_ENABLE_MODULES = YES;
				CLANG_ENABLE_OBJC_ARC = YES;
				CLANG_ENABLE_OBJC_WEAK = YES;
				CLANG_WARN_BLOCK_CAPTURE_AUTORELEASING = YES;
				CLANG_WARN_BOOL_CONVERSION = YES;
				CLANG_WARN_COMMA = YES;
				CLANG_WARN_CONSTANT_CONVERSION = YES;
				CLANG_WARN_DEPRECATED_OBJC_IMPLEMENTATIONS = YES;
				CLANG_WARN_DIRECT_OBJC_ISA_USAGE = YES_ERROR;
				CLANG_WARN_DOCUMENTATION_COMMENTS = YES;
				CLANG_WARN_EMPTY_BODY = YES;
				CLANG_WARN_ENUM_CONVERSION = YES;
				CLANG_WARN_INFINITE_RECURSION = YES;
				CLANG_WARN_INT_CONVERSION = YES;
				CLANG_WARN_NON_LITERAL_NULL_CONVERSION = YES;
				CLANG_WARN_OBJC_IMPLICIT_RETAIN_SELF = YES;
				CLANG_WARN_OBJC_LITERAL_CONVERSION = YES;
				CLANG_WARN_OBJC_ROOT_CLASS = YES_ERROR;
				CLANG_WARN_QUOTED_INCLUDE_IN_FRAMEWORK_HEADER = YES;
				CLANG_WARN_RANGE_LOOP_ANALYSIS = YES;
				CLANG_WARN_STRICT_PROTOTYPES = YES;
				CLANG_WARN_SUSPICIOUS_MOVE = YES;
				CLANG_WARN_UNGUARDED_AVAILABILITY = YES_AGGRESSIVE;
				CLANG_WARN_UNREACHABLE_CODE = YES;
				CLANG_WARN__DUPLICATE_METHOD_MATCH = YES;
				COPY_PHASE_STRIP = NO;
				DEBUG_INFORMATION_FORMAT = dwarf;
				ENABLE_STRICT_OBJC_MSGSEND = YES;
				ENABLE_TESTABILITY = YES;
				ENABLE_USER_SCRIPT_SANDBOXING = YES;
				GCC_C_LANGUAGE_STANDARD = gnu17;
				GCC_DYNAMIC_NO_PIC = NO;
				GCC_NO_COMMON_BLOCKS = YES;
				GCC_OPTIMIZATION_LEVEL = 0;
				GCC_PREPROCESSOR_DEFINITIONS = (
					"DEBUG=1",
					"$(inherited)",
				);
				GCC_WARN_64_TO_32_BIT_CONVERSION = YES;
				GCC_WARN_ABOUT_RETURN_TYPE = YES_ERROR;
				GCC_WARN_UNDECLARED_SELECTOR = YES;
				GCC_WARN_UNINITIALIZED_AUTOS = YES_AGGRESSIVE;
				GCC_WARN_UNUSED_FUNCTION = YES;
				GCC_WARN_UNUSED_VARIABLE = YES;
				IPHONEOS_DEPLOYMENT_TARGET = 18.0;
				LOCALIZATION_PREFERS_STRING_CATALOGS = YES;
				MTL_ENABLE_DEBUG_INFO = INCLUDE_SOURCE;
				MTL_FAST_MATH = YES;
				ONLY_ACTIVE_ARCH = YES;
				SDKROOT = iphoneos;
				SWIFT_ACTIVE_COMPILATION_CONDITIONS = "DEBUG $(inherited)";
				SWIFT_OPTIMIZATION_LEVEL = "-Onone";
			};
			name = Debug;
		};
		34C499412D901145002253DB /* Release */ = {
			isa = XCBuildConfiguration;
			buildSettings = {
				ALWAYS_SEARCH_USER_PATHS = NO;
				ASSETCATALOG_COMPILER_GENERATE_SWIFT_ASSET_SYMBOL_EXTENSIONS = YES;
				CLANG_ANALYZER_LOCALIZABILITY_NONLOCALIZED = YES;
				CLANG_ANALYZER_NONNULL = YES;
				CLANG_ANALYZER_NUMBER_OBJECT_CONVERSION = YES_AGGRESSIVE;
				CLANG_CXX_LANGUAGE_STANDARD = "gnu++20";
				CLANG_ENABLE_MODULES = YES;
				CLANG_ENABLE_OBJC_ARC = YES;
				CLANG_ENABLE_OBJC_WEAK = YES;
				CLANG_WARN_BLOCK_CAPTURE_AUTORELEASING = YES;
				CLANG_WARN_BOOL_CONVERSION = YES;
				CLANG_WARN_COMMA = YES;
				CLANG_WARN_CONSTANT_CONVERSION = YES;
				CLANG_WARN_DEPRECATED_OBJC_IMPLEMENTATIONS = YES;
				CLANG_WARN_DIRECT_OBJC_ISA_USAGE = YES_ERROR;
				CLANG_WARN_DOCUMENTATION_COMMENTS = YES;
				CLANG_WARN_EMPTY_BODY = YES;
				CLANG_WARN_ENUM_CONVERSION = YES;
				CLANG_WARN_INFINITE_RECURSION = YES;
				CLANG_WARN_INT_CONVERSION = YES;
				CLANG_WARN_NON_LITERAL_NULL_CONVERSION = YES;
				CLANG_WARN_OBJC_IMPLICIT_RETAIN_SELF = YES;
				CLANG_WARN_OBJC_LITERAL_CONVERSION = YES;
				CLANG_WARN_OBJC_ROOT_CLASS = YES_ERROR;
				CLANG_WARN_QUOTED_INCLUDE_IN_FRAMEWORK_HEADER = YES;
				CLANG_WARN_RANGE_LOOP_ANALYSIS = YES;
				CLANG_WARN_STRICT_PROTOTYPES = YES;
				CLANG_WARN_SUSPICIOUS_MOVE = YES;
				CLANG_WARN_UNGUARDED_AVAILABILITY = YES_AGGRESSIVE;
				CLANG_WARN_UNREACHABLE_CODE = YES;
				CLANG_WARN__DUPLICATE_METHOD_MATCH = YES;
				COPY_PHASE_STRIP = NO;
				DEBUG_INFORMATION_FORMAT = "dwarf-with-dsym";
				ENABLE_NS_ASSERTIONS = NO;
				ENABLE_STRICT_OBJC_MSGSEND = YES;
				ENABLE_USER_SCRIPT_SANDBOXING = YES;
				GCC_C_LANGUAGE_STANDARD = gnu17;
				GCC_NO_COMMON_BLOCKS = YES;
				GCC_WARN_64_TO_32_BIT_CONVERSION = YES;
				GCC_WARN_ABOUT_RETURN_TYPE = YES_ERROR;
				GCC_WARN_UNDECLARED_SELECTOR = YES;
				GCC_WARN_UNINITIALIZED_AUTOS = YES_AGGRESSIVE;
				GCC_WARN_UNUSED_FUNCTION = YES;
				GCC_WARN_UNUSED_VARIABLE = YES;
				IPHONEOS_DEPLOYMENT_TARGET = 18.0;
				LOCALIZATION_PREFERS_STRING_CATALOGS = YES;
				MTL_ENABLE_DEBUG_INFO = NO;
				MTL_FAST_MATH = YES;
				SDKROOT = iphoneos;
				SWIFT_COMPILATION_MODE = wholemodule;
				VALIDATE_PRODUCT = YES;
			};
			name = Release;
		};
/* End XCBuildConfiguration section */

/* Begin XCConfigurationList section */
		34C499252D901144002253DB /* Build configuration list for PBXProject "AirPodsFInder" */ = {
			isa = XCConfigurationList;
			buildConfigurations = (
				34C499402D901145002253DB /* Debug */,
				34C499412D901145002253DB /* Release */,
			);
			defaultConfigurationIsVisible = 0;
			defaultConfigurationName = Release;
		};
		34C4993D2D901145002253DB /* Build configuration list for PBXNativeTarget "AirPodsFInder" */ = {
			isa = XCConfigurationList;
			buildConfigurations = (
				34C4993E2D901145002253DB /* Debug */,
				34C4993F2D901145002253DB /* Release */,
			);
			defaultConfigurationIsVisible = 0;
			defaultConfigurationName = Release;
		};
/* End XCConfigurationList section */

/* Begin XCRemoteSwiftPackageReference section */
		34C525732D9557F600C3ED2D /* XCRemoteSwiftPackageReference "CustomBlurEffectView" */ = {
			isa = XCRemoteSwiftPackageReference;
			repositoryURL = "https://github.com/perfectdim/CustomBlurEffectView";
			requirement = {
				kind = upToNextMajorVersion;
				minimumVersion = 0.0.3;
			};
		};
		34C525762D9557FD00C3ED2D /* XCRemoteSwiftPackageReference "StorageManager" */ = {
			isa = XCRemoteSwiftPackageReference;
			repositoryURL = "https://github.com/reganomika/StorageManager";
			requirement = {
				kind = upToNextMajorVersion;
				minimumVersion = 1.0.0;
			};
		};
		34C525792D95581C00C3ED2D /* XCRemoteSwiftPackageReference "PremiumManager" */ = {
			isa = XCRemoteSwiftPackageReference;
			repositoryURL = "https://github.com/reganomika/PremiumManager";
			requirement = {
				kind = upToNextMajorVersion;
				minimumVersion = 1.0.2;
			};
		};
		34C5257C2D95582400C3ED2D /* XCRemoteSwiftPackageReference "ShadowImageButton" */ = {
			isa = XCRemoteSwiftPackageReference;
			repositoryURL = "https://github.com/reganomika/ShadowImageButton";
			requirement = {
				kind = upToNextMajorVersion;
				minimumVersion = 1.1.3;
			};
		};
		34C5257F2D95584400C3ED2D /* XCRemoteSwiftPackageReference "firebase-ios-sdk" */ = {
			isa = XCRemoteSwiftPackageReference;
			repositoryURL = "https://github.com/firebase/firebase-ios-sdk.git";
			requirement = {
				kind = upToNextMajorVersion;
				minimumVersion = 11.10.0;
			};
		};
		34CBBC942D9558B900587F3E /* XCRemoteSwiftPackageReference "Utilities" */ = {
			isa = XCRemoteSwiftPackageReference;
			repositoryURL = "https://github.com/reganomika/Utilities";
			requirement = {
				kind = upToNextMajorVersion;
				minimumVersion = 1.0.3;
			};
		};
		34CBBC972D9558C200587F3E /* XCRemoteSwiftPackageReference "SnapKit" */ = {
			isa = XCRemoteSwiftPackageReference;
			repositoryURL = "https://github.com/SnapKit/SnapKit";
			requirement = {
				kind = upToNextMajorVersion;
				minimumVersion = 5.7.1;
			};
		};
		34CBBC9A2D9558E200587F3E /* XCRemoteSwiftPackageReference "lottie-spm" */ = {
			isa = XCRemoteSwiftPackageReference;
			repositoryURL = "https://github.com/airbnb/lottie-spm";
			requirement = {
				kind = upToNextMajorVersion;
				minimumVersion = 4.5.1;
			};
		};
		34CBBC9D2D95591A00587F3E /* XCRemoteSwiftPackageReference "CustomNavigationView" */ = {
			isa = XCRemoteSwiftPackageReference;
			repositoryURL = "https://github.com/reganomika/CustomNavigationView";
			requirement = {
				kind = upToNextMajorVersion;
				minimumVersion = 1.0.0;
			};
		};
/* End XCRemoteSwiftPackageReference section */

/* Begin XCSwiftPackageProductDependency section */
		34C525742D9557F600C3ED2D /* CustomBlurEffectView */ = {
			isa = XCSwiftPackageProductDependency;
			package = 34C525732D9557F600C3ED2D /* XCRemoteSwiftPackageReference "CustomBlurEffectView" */;
			productName = CustomBlurEffectView;
		};
		34C525772D9557FD00C3ED2D /* StorageManager */ = {
			isa = XCSwiftPackageProductDependency;
			package = 34C525762D9557FD00C3ED2D /* XCRemoteSwiftPackageReference "StorageManager" */;
			productName = StorageManager;
		};
		34C5257A2D95581C00C3ED2D /* PremiumManager */ = {
			isa = XCSwiftPackageProductDependency;
			package = 34C525792D95581C00C3ED2D /* XCRemoteSwiftPackageReference "PremiumManager" */;
			productName = PremiumManager;
		};
		34C5257D2D95582400C3ED2D /* ShadowImageButton */ = {
			isa = XCSwiftPackageProductDependency;
			package = 34C5257C2D95582400C3ED2D /* XCRemoteSwiftPackageReference "ShadowImageButton" */;
			productName = ShadowImageButton;
		};
		34C525802D95584400C3ED2D /* FirebaseCrashlytics */ = {
			isa = XCSwiftPackageProductDependency;
			package = 34C5257F2D95584400C3ED2D /* XCRemoteSwiftPackageReference "firebase-ios-sdk" */;
			productName = FirebaseCrashlytics;
		};
		34CBBC952D9558B900587F3E /* Utilities */ = {
			isa = XCSwiftPackageProductDependency;
			package = 34CBBC942D9558B900587F3E /* XCRemoteSwiftPackageReference "Utilities" */;
			productName = Utilities;
		};
		34CBBC982D9558C200587F3E /* SnapKit */ = {
			isa = XCSwiftPackageProductDependency;
			package = 34CBBC972D9558C200587F3E /* XCRemoteSwiftPackageReference "SnapKit" */;
			productName = SnapKit;
		};
		34CBBC9B2D9558E200587F3E /* Lottie */ = {
			isa = XCSwiftPackageProductDependency;
			package = 34CBBC9A2D9558E200587F3E /* XCRemoteSwiftPackageReference "lottie-spm" */;
			productName = Lottie;
		};
		34CBBC9E2D95591A00587F3E /* CustomNavigationView */ = {
			isa = XCSwiftPackageProductDependency;
			package = 34CBBC9D2D95591A00587F3E /* XCRemoteSwiftPackageReference "CustomNavigationView" */;
			productName = CustomNavigationView;
		};
/* End XCSwiftPackageProductDependency section */
	};
	rootObject = 34C499222D901144002253DB /* Project object */;
}
